
Microsoft Visual Studio Solution File, Format Version 12.00
# Visual Studio 15
Project("{FAE04EC0-301F-11D3-BF4B-00C04F79EFBC}") = "DroneAPI", "DroneAPI.csproj", "{DA58346A-4520-46E1-8A87-DC0B29649A8D}"
EndProject
Global
	GlobalSection(SolutionConfigurationPlatforms) = preSolution
		Debug|Any CPU = Debug|Any CPU
		Release|Any CPU = Release|Any CPU
	EndGlobalSection
	GlobalSection(ProjectConfigurationPlatforms) = postSolution
		{DA58346A-4520-46E1-8A87-DC0B29649A8D}.Debug|Any CPU.ActiveCfg = Debug|Any CPU
		{DA58346A-4520-46E1-8A87-DC0B29649A8D}.Debug|Any CPU.Build.0 = Debug|Any CPU
		{DA58346A-4520-46E1-8A87-DC0B29649A8D}.Release|Any CPU.ActiveCfg = Release|Any CPU
		{DA58346A-4520-46E1-8A87-DC0B29649A8D}.Release|Any CPU.Build.0 = Release|Any CPU
	EndGlobalSection
EndGlobal
